
Microsoft Visual Studio Solution File, Format Version 12.00
Project("{FAE04EC0-301F-11D3-BF4B-00C04F79EFBC}") = "Common", "Common\Common.csproj", "{C521F8C0-A3CF-4DED-8804-F91F9D479F22}"
EndProject
Project("{FAE04EC0-301F-11D3-BF4B-00C04F79EFBC}") = "Common.Tests", "Common.Tests\Common.Tests.csproj", "{1392FE1C-A034-4A85-BDEB-C297E8B09EA0}"
EndProject
Project("{FAE04EC0-301F-11D3-BF4B-00C04F79EFBC}") = "Payments.Api", "Payments.Api\Payments.Api.csproj", "{38AFF6F7-10D7-4622-9DCC-AC39496E8DF1}"
EndProject
Project("{FAE04EC0-301F-11D3-BF4B-00C04F79EFBC}") = "Payments.Api.Tests", "Payments.Api.Tests\Payments.Api.Tests.csproj", "{CC3B59BF-7E52-446E-986D-CBC497353267}"
EndProject
Global
	GlobalSection(SolutionConfigurationPlatforms) = preSolution
		Debug|Any CPU = Debug|Any CPU
		Release|Any CPU = Release|Any CPU
	EndGlobalSection
	GlobalSection(ProjectConfigurationPlatforms) = postSolution
		{C521F8C0-A3CF-4DED-8804-F91F9D479F22}.Debug|Any CPU.ActiveCfg = Debug|Any CPU
		{C521F8C0-A3CF-4DED-8804-F91F9D479F22}.Debug|Any CPU.Build.0 = Debug|Any CPU
		{C521F8C0-A3CF-4DED-8804-F91F9D479F22}.Release|Any CPU.ActiveCfg = Release|Any CPU
		{C521F8C0-A3CF-4DED-8804-F91F9D479F22}.Release|Any CPU.Build.0 = Release|Any CPU
		{1392FE1C-A034-4A85-BDEB-C297E8B09EA0}.Debug|Any CPU.ActiveCfg = Debug|Any CPU
		{1392FE1C-A034-4A85-BDEB-C297E8B09EA0}.Debug|Any CPU.Build.0 = Debug|Any CPU
		{1392FE1C-A034-4A85-BDEB-C297E8B09EA0}.Release|Any CPU.ActiveCfg = Release|Any CPU
		{1392FE1C-A034-4A85-BDEB-C297E8B09EA0}.Release|Any CPU.Build.0 = Release|Any CPU
		{38AFF6F7-10D7-4622-9DCC-AC39496E8DF1}.Debug|Any CPU.ActiveCfg = Debug|Any CPU
		{38AFF6F7-10D7-4622-9DCC-AC39496E8DF1}.Debug|Any CPU.Build.0 = Debug|Any CPU
		{38AFF6F7-10D7-4622-9DCC-AC39496E8DF1}.Release|Any CPU.ActiveCfg = Release|Any CPU
		{38AFF6F7-10D7-4622-9DCC-AC39496E8DF1}.Release|Any CPU.Build.0 = Release|Any CPU
		{CC3B59BF-7E52-446E-986D-CBC497353267}.Debug|Any CPU.ActiveCfg = Debug|Any CPU
		{CC3B59BF-7E52-446E-986D-CBC497353267}.Debug|Any CPU.Build.0 = Debug|Any CPU
		{CC3B59BF-7E52-446E-986D-CBC497353267}.Release|Any CPU.ActiveCfg = Release|Any CPU
		{CC3B59BF-7E52-446E-986D-CBC497353267}.Release|Any CPU.Build.0 = Release|Any CPU
	EndGlobalSection
EndGlobal
